
Microsoft Visual Studio Solution File, Format Version 12.00
# Visual Studio Version 17
VisualStudioVersion = 17.11.35222.181
MinimumVisualStudioVersion = 10.0.40219.1
Project("{FAE04EC0-301F-11D3-BF4B-00C04F79EFBC}") = "PracticeShootGame", "PracticeShootGame.csproj", "{9B87F969-FFEF-4F5B-B9C8-BCB4F2F35F0E}"
EndProject
Global
	GlobalSection(SolutionConfigurationPlatforms) = preSolution
		Debug|Any CPU = Debug|Any CPU
		Release|Any CPU = Release|Any CPU
	EndGlobalSection
	GlobalSection(ProjectConfigurationPlatforms) = postSolution
		{9B87F969-FFEF-4F5B-B9C8-BCB4F2F35F0E}.Debug|Any CPU.ActiveCfg = Debug|Any CPU
		{9B87F969-FFEF-4F5B-B9C8-BCB4F2F35F0E}.Debug|Any CPU.Build.0 = Debug|Any CPU
		{9B87F969-FFEF-4F5B-B9C8-BCB4F2F35F0E}.Release|Any CPU.ActiveCfg = Release|Any CPU
		{9B87F969-FFEF-4F5B-B9C8-BCB4F2F35F0E}.Release|Any CPU.Build.0 = Release|Any CPU
	EndGlobalSection
	GlobalSection(SolutionProperties) = preSolution
		HideSolutionNode = FALSE
	EndGlobalSection
	GlobalSection(ExtensibilityGlobals) = postSolution
		SolutionGuid = {EC6C0B5B-EF5F-4411-BE62-76818865F340}
	EndGlobalSection
EndGlobal
